
Microsoft Visual Studio Solution File, Format Version 12.00
Project("{FAE04EC0-301F-11D3-BF4B-00C04F79EFBC}") = "Epam.TestAutomation", "Epam.TestAutomation\Epam.TestAutomation.csproj", "{853BA4A1-6507-4830-A7E6-4F643F5B7C0B}"
EndProject
Project("{FAE04EC0-301F-11D3-BF4B-00C04F79EFBC}") = "Epam.TestAutomation.Tests", "Epam.TestAutomation.Tests\Epam.TestAutomation.Tests.csproj", "{6CA2AF9A-0FF1-4DBF-BF8E-90DDF0895A1C}"
EndProject
Project("{FAE04EC0-301F-11D3-BF4B-00C04F79EFBC}") = "Epam.TestAutomation.Web", "Epam.TestAutomation.Web\Epam.TestAutomation.Web.csproj", "{D40D034D-7270-4DDE-8E82-8BDCC0B27BBA}"
EndProject
Project("{FAE04EC0-301F-11D3-BF4B-00C04F79EFBC}") = "Epam.TestAutomation.API.Tests", "Epam.TestAutomation.API.Tests\Epam.TestAutomation.API.Tests.csproj", "{DD6B6DC9-017E-4EF6-93D5-10E1B3D63E3B}"
EndProject
Project("{FAE04EC0-301F-11D3-BF4B-00C04F79EFBC}") = "Epam.TestAutomation.API", "Epam.TestAutomation.API\Epam.TestAutomation.API.csproj", "{51B601AF-6D6F-440B-A75D-02B2CC532462}"
EndProject
Project("{FAE04EC0-301F-11D3-BF4B-00C04F79EFBC}") = "Epam.TestAutomation.Tests.BDD", "Epam.TestAutomation.Tests.BDD\Epam.TestAutomation.Tests.BDD.csproj", "{F9474AE4-0D1C-42DC-9647-E3AEEBF8142C}"
EndProject
Global
	GlobalSection(SolutionConfigurationPlatforms) = preSolution
		Debug|Any CPU = Debug|Any CPU
		Release|Any CPU = Release|Any CPU
	EndGlobalSection
	GlobalSection(ProjectConfigurationPlatforms) = postSolution
		{853BA4A1-6507-4830-A7E6-4F643F5B7C0B}.Debug|Any CPU.ActiveCfg = Debug|Any CPU
		{853BA4A1-6507-4830-A7E6-4F643F5B7C0B}.Debug|Any CPU.Build.0 = Debug|Any CPU
		{853BA4A1-6507-4830-A7E6-4F643F5B7C0B}.Release|Any CPU.ActiveCfg = Release|Any CPU
		{853BA4A1-6507-4830-A7E6-4F643F5B7C0B}.Release|Any CPU.Build.0 = Release|Any CPU
		{6CA2AF9A-0FF1-4DBF-BF8E-90DDF0895A1C}.Debug|Any CPU.ActiveCfg = Debug|Any CPU
		{6CA2AF9A-0FF1-4DBF-BF8E-90DDF0895A1C}.Debug|Any CPU.Build.0 = Debug|Any CPU
		{6CA2AF9A-0FF1-4DBF-BF8E-90DDF0895A1C}.Release|Any CPU.ActiveCfg = Release|Any CPU
		{6CA2AF9A-0FF1-4DBF-BF8E-90DDF0895A1C}.Release|Any CPU.Build.0 = Release|Any CPU
		{D40D034D-7270-4DDE-8E82-8BDCC0B27BBA}.Debug|Any CPU.ActiveCfg = Debug|Any CPU
		{D40D034D-7270-4DDE-8E82-8BDCC0B27BBA}.Debug|Any CPU.Build.0 = Debug|Any CPU
		{D40D034D-7270-4DDE-8E82-8BDCC0B27BBA}.Release|Any CPU.ActiveCfg = Release|Any CPU
		{D40D034D-7270-4DDE-8E82-8BDCC0B27BBA}.Release|Any CPU.Build.0 = Release|Any CPU
		{DD6B6DC9-017E-4EF6-93D5-10E1B3D63E3B}.Debug|Any CPU.ActiveCfg = Debug|Any CPU
		{DD6B6DC9-017E-4EF6-93D5-10E1B3D63E3B}.Debug|Any CPU.Build.0 = Debug|Any CPU
		{DD6B6DC9-017E-4EF6-93D5-10E1B3D63E3B}.Release|Any CPU.ActiveCfg = Release|Any CPU
		{DD6B6DC9-017E-4EF6-93D5-10E1B3D63E3B}.Release|Any CPU.Build.0 = Release|Any CPU
		{51B601AF-6D6F-440B-A75D-02B2CC532462}.Debug|Any CPU.ActiveCfg = Debug|Any CPU
		{51B601AF-6D6F-440B-A75D-02B2CC532462}.Debug|Any CPU.Build.0 = Debug|Any CPU
		{51B601AF-6D6F-440B-A75D-02B2CC532462}.Release|Any CPU.ActiveCfg = Release|Any CPU
		{51B601AF-6D6F-440B-A75D-02B2CC532462}.Release|Any CPU.Build.0 = Release|Any CPU
		{F9474AE4-0D1C-42DC-9647-E3AEEBF8142C}.Debug|Any CPU.ActiveCfg = Debug|Any CPU
		{F9474AE4-0D1C-42DC-9647-E3AEEBF8142C}.Debug|Any CPU.Build.0 = Debug|Any CPU
		{F9474AE4-0D1C-42DC-9647-E3AEEBF8142C}.Release|Any CPU.ActiveCfg = Release|Any CPU
		{F9474AE4-0D1C-42DC-9647-E3AEEBF8142C}.Release|Any CPU.Build.0 = Release|Any CPU
	EndGlobalSection
EndGlobal
